
Microsoft Visual Studio Solution File, Format Version 12.00
# Visual Studio Version 17
VisualStudioVersion = 17.9.34622.214
MinimumVisualStudioVersion = 10.0.40219.1
Project("{9A19103F-16F7-4668-BE54-9A1E7A4F7556}") = "Bills_SRS", "Bills_SRS\Bills_SRS.csproj", "{BD2E7E02-DAD7-4E17-A88E-0F0FA5A902D8}"
EndProject
Project("{FAE04EC0-301F-11D3-BF4B-00C04F79EFBC}") = "bill_DataAccess", "bill_DataAccess\bill_DataAccess.csproj", "{D7DFB033-69E8-469D-A954-137B61D41FC9}"
EndProject
Project("{FAE04EC0-301F-11D3-BF4B-00C04F79EFBC}") = "bill_Entities", "bill_Entities\bill_Entities.csproj", "{DC3FB2E7-64E5-427B-AF0A-BAAA84810590}"
EndProject
Global
	GlobalSection(SolutionConfigurationPlatforms) = preSolution
		Debug|Any CPU = Debug|Any CPU
		Release|Any CPU = Release|Any CPU
	EndGlobalSection
	GlobalSection(ProjectConfigurationPlatforms) = postSolution
		{BD2E7E02-DAD7-4E17-A88E-0F0FA5A902D8}.Debug|Any CPU.ActiveCfg = Debug|Any CPU
		{BD2E7E02-DAD7-4E17-A88E-0F0FA5A902D8}.Debug|Any CPU.Build.0 = Debug|Any CPU
		{BD2E7E02-DAD7-4E17-A88E-0F0FA5A902D8}.Release|Any CPU.ActiveCfg = Release|Any CPU
		{BD2E7E02-DAD7-4E17-A88E-0F0FA5A902D8}.Release|Any CPU.Build.0 = Release|Any CPU
		{D7DFB033-69E8-469D-A954-137B61D41FC9}.Debug|Any CPU.ActiveCfg = Debug|Any CPU
		{D7DFB033-69E8-469D-A954-137B61D41FC9}.Debug|Any CPU.Build.0 = Debug|Any CPU
		{D7DFB033-69E8-469D-A954-137B61D41FC9}.Release|Any CPU.ActiveCfg = Release|Any CPU
		{D7DFB033-69E8-469D-A954-137B61D41FC9}.Release|Any CPU.Build.0 = Release|Any CPU
		{DC3FB2E7-64E5-427B-AF0A-BAAA84810590}.Debug|Any CPU.ActiveCfg = Debug|Any CPU
		{DC3FB2E7-64E5-427B-AF0A-BAAA84810590}.Debug|Any CPU.Build.0 = Debug|Any CPU
		{DC3FB2E7-64E5-427B-AF0A-BAAA84810590}.Release|Any CPU.ActiveCfg = Release|Any CPU
		{DC3FB2E7-64E5-427B-AF0A-BAAA84810590}.Release|Any CPU.Build.0 = Release|Any CPU
	EndGlobalSection
	GlobalSection(SolutionProperties) = preSolution
		HideSolutionNode = FALSE
	EndGlobalSection
	GlobalSection(ExtensibilityGlobals) = postSolution
		SolutionGuid = {B07EE207-3E95-4D84-87D5-0DCCE4CEC418}
	EndGlobalSection
EndGlobal
